
Microsoft Visual Studio Solution File, Format Version 12.00
# Visual Studio 15
VisualStudioVersion = 15.0.26430.16
MinimumVisualStudioVersion = 10.0.40219.1
Project("{FAE04EC0-301F-11D3-BF4B-00C04F79EFBC}") = "ForeingExChangeWin4.Android", "ForeingExChangeWin4\ForeingExChangeWin4.Android\ForeingExChangeWin4.Android.csproj", "{645F8FD7-DBB7-494E-B484-C7284DB991C9}"
EndProject
Project("{FAE04EC0-301F-11D3-BF4B-00C04F79EFBC}") = "ForeingExChangeWin4", "ForeingExChangeWin4\ForeingExChangeWin4\ForeingExChangeWin4.csproj", "{6CB46AA8-DAB4-42FD-B8AA-A023C9DAACC6}"
EndProject
Project("{FAE04EC0-301F-11D3-BF4B-00C04F79EFBC}") = "ForeingExChangeWin4.UWP", "ForeingExChangeWin4\ForeingExChangeWin4.UWP\ForeingExChangeWin4.UWP.csproj", "{F4238BB3-EABC-4A04-883A-9D05A217641B}"
EndProject
Project("{FAE04EC0-301F-11D3-BF4B-00C04F79EFBC}") = "ForeingExChangeWin4.iOS", "ForeingExChangeWin4\ForeingExChangeWin4.iOS\ForeingExChangeWin4.iOS.csproj", "{590E53D1-EC08-4DE8-A869-4BF122038530}"
EndProject
Global
	GlobalSection(SolutionConfigurationPlatforms) = preSolution
		Ad-Hoc|Any CPU = Ad-Hoc|Any CPU
		Ad-Hoc|ARM = Ad-Hoc|ARM
		Ad-Hoc|iPhone = Ad-Hoc|iPhone
		Ad-Hoc|iPhoneSimulator = Ad-Hoc|iPhoneSimulator
		Ad-Hoc|x64 = Ad-Hoc|x64
		Ad-Hoc|x86 = Ad-Hoc|x86
		AppStore|Any CPU = AppStore|Any CPU
		AppStore|ARM = AppStore|ARM
		AppStore|iPhone = AppStore|iPhone
		AppStore|iPhoneSimulator = AppStore|iPhoneSimulator
		AppStore|x64 = AppStore|x64
		AppStore|x86 = AppStore|x86
		Debug|Any CPU = Debug|Any CPU
		Debug|ARM = Debug|ARM
		Debug|iPhone = Debug|iPhone
		Debug|iPhoneSimulator = Debug|iPhoneSimulator
		Debug|x64 = Debug|x64
		Debug|x86 = Debug|x86
		Release|Any CPU = Release|Any CPU
		Release|ARM = Release|ARM
		Release|iPhone = Release|iPhone
		Release|iPhoneSimulator = Release|iPhoneSimulator
		Release|x64 = Release|x64
		Release|x86 = Release|x86
	EndGlobalSection
	GlobalSection(ProjectConfigurationPlatforms) = postSolution
		{645F8FD7-DBB7-494E-B484-C7284DB991C9}.Ad-Hoc|Any CPU.ActiveCfg = Release|Any CPU
		{645F8FD7-DBB7-494E-B484-C7284DB991C9}.Ad-Hoc|Any CPU.Build.0 = Release|Any CPU
		{645F8FD7-DBB7-494E-B484-C7284DB991C9}.Ad-Hoc|Any CPU.Deploy.0 = Release|Any CPU
		{645F8FD7-DBB7-494E-B484-C7284DB991C9}.Ad-Hoc|ARM.ActiveCfg = Release|Any CPU
		{645F8FD7-DBB7-494E-B484-C7284DB991C9}.Ad-Hoc|ARM.Build.0 = Release|Any CPU
		{645F8FD7-DBB7-494E-B484-C7284DB991C9}.Ad-Hoc|ARM.Deploy.0 = Release|Any CPU
		{645F8FD7-DBB7-494E-B484-C7284DB991C9}.Ad-Hoc|iPhone.ActiveCfg = Release|Any CPU
		{645F8FD7-DBB7-494E-B484-C7284DB991C9}.Ad-Hoc|iPhone.Build.0 = Release|Any CPU
		{645F8FD7-DBB7-494E-B484-C7284DB991C9}.Ad-Hoc|iPhone.Deploy.0 = Release|Any CPU
		{645F8FD7-DBB7-494E-B484-C7284DB991C9}.Ad-Hoc|iPhoneSimulator.ActiveCfg = Release|Any CPU
		{645F8FD7-DBB7-494E-B484-C7284DB991C9}.Ad-Hoc|iPhoneSimulator.Build.0 = Release|Any CPU
		{645F8FD7-DBB7-494E-B484-C7284DB991C9}.Ad-Hoc|iPhoneSimulator.Deploy.0 = Release|Any CPU
		{645F8FD7-DBB7-494E-B484-C7284DB991C9}.Ad-Hoc|x64.ActiveCfg = Release|Any CPU
		{645F8FD7-DBB7-494E-B484-C7284DB991C9}.Ad-Hoc|x64.Build.0 = Release|Any CPU
		{645F8FD7-DBB7-494E-B484-C7284DB991C9}.Ad-Hoc|x64.Deploy.0 = Release|Any CPU
		{645F8FD7-DBB7-494E-B484-C7284DB991C9}.Ad-Hoc|x86.ActiveCfg = Release|Any CPU
		{645F8FD7-DBB7-494E-B484-C7284DB991C9}.Ad-Hoc|x86.Build.0 = Release|Any CPU
		{645F8FD7-DBB7-494E-B484-C7284DB991C9}.Ad-Hoc|x86.Deploy.0 = Release|Any CPU
		{645F8FD7-DBB7-494E-B484-C7284DB991C9}.AppStore|Any CPU.ActiveCfg = Release|Any CPU
		{645F8FD7-DBB7-494E-B484-C7284DB991C9}.AppStore|Any CPU.Build.0 = Release|Any CPU
		{645F8FD7-DBB7-494E-B484-C7284DB991C9}.AppStore|Any CPU.Deploy.0 = Release|Any CPU
		{645F8FD7-DBB7-494E-B484-C7284DB991C9}.AppStore|ARM.ActiveCfg = Release|Any CPU
		{645F8FD7-DBB7-494E-B484-C7284DB991C9}.AppStore|ARM.Build.0 = Release|Any CPU
		{645F8FD7-DBB7-494E-B484-C7284DB991C9}.AppStore|ARM.Deploy.0 = Release|Any CPU
		{645F8FD7-DBB7-494E-B484-C7284DB991C9}.AppStore|iPhone.ActiveCfg = Release|Any CPU
		{645F8FD7-DBB7-494E-B484-C7284DB991C9}.AppStore|iPhone.Build.0 = Release|Any CPU
		{645F8FD7-DBB7-494E-B484-C7284DB991C9}.AppStore|iPhone.Deploy.0 = Release|Any CPU
		{645F8FD7-DBB7-494E-B484-C7284DB991C9}.AppStore|iPhoneSimulator.ActiveCfg = Release|Any CPU
		{645F8FD7-DBB7-494E-B484-C7284DB991C9}.AppStore|iPhoneSimulator.Build.0 = Release|Any CPU
		{645F8FD7-DBB7-494E-B484-C7284DB991C9}.AppStore|iPhoneSimulator.Deploy.0 = Release|Any CPU
		{645F8FD7-DBB7-494E-B484-C7284DB991C9}.AppStore|x64.ActiveCfg = Release|Any CPU
		{645F8FD7-DBB7-494E-B484-C7284DB991C9}.AppStore|x64.Build.0 = Release|Any CPU
		{645F8FD7-DBB7-494E-B484-C7284DB991C9}.AppStore|x64.Deploy.0 = Release|Any CPU
		{645F8FD7-DBB7-494E-B484-C7284DB991C9}.AppStore|x86.ActiveCfg = Release|Any CPU
		{645F8FD7-DBB7-494E-B484-C7284DB991C9}.AppStore|x86.Build.0 = Release|Any CPU
		{645F8FD7-DBB7-494E-B484-C7284DB991C9}.AppStore|x86.Deploy.0 = Release|Any CPU
		{645F8FD7-DBB7-494E-B484-C7284DB991C9}.Debug|Any CPU.ActiveCfg = Debug|Any CPU
		{645F8FD7-DBB7-494E-B484-C7284DB991C9}.Debug|Any CPU.Build.0 = Debug|Any CPU
		{645F8FD7-DBB7-494E-B484-C7284DB991C9}.Debug|Any CPU.Deploy.0 = Debug|Any CPU
		{645F8FD7-DBB7-494E-B484-C7284DB991C9}.Debug|ARM.ActiveCfg = Debug|Any CPU
		{645F8FD7-DBB7-494E-B484-C7284DB991C9}.Debug|ARM.Build.0 = Debug|Any CPU
		{645F8FD7-DBB7-494E-B484-C7284DB991C9}.Debug|ARM.Deploy.0 = Debug|Any CPU
		{645F8FD7-DBB7-494E-B484-C7284DB991C9}.Debug|iPhone.ActiveCfg = Debug|Any CPU
		{645F8FD7-DBB7-494E-B484-C7284DB991C9}.Debug|iPhone.Build.0 = Debug|Any CPU
		{645F8FD7-DBB7-494E-B484-C7284DB991C9}.Debug|iPhone.Deploy.0 = Debug|Any CPU
		{645F8FD7-DBB7-494E-B484-C7284DB991C9}.Debug|iPhoneSimulator.ActiveCfg = Debug|Any CPU
		{645F8FD7-DBB7-494E-B484-C7284DB991C9}.Debug|iPhoneSimulator.Build.0 = Debug|Any CPU
		{645F8FD7-DBB7-494E-B484-C7284DB991C9}.Debug|iPhoneSimulator.Deploy.0 = Debug|Any CPU
		{645F8FD7-DBB7-494E-B484-C7284DB991C9}.Debug|x64.ActiveCfg = Debug|Any CPU
		{645F8FD7-DBB7-494E-B484-C7284DB991C9}.Debug|x64.Build.0 = Debug|Any CPU
		{645F8FD7-DBB7-494E-B484-C7284DB991C9}.Debug|x64.Deploy.0 = Debug|Any CPU
		{645F8FD7-DBB7-494E-B484-C7284DB991C9}.Debug|x86.ActiveCfg = Debug|Any CPU
		{645F8FD7-DBB7-494E-B484-C7284DB991C9}.Debug|x86.Build.0 = Debug|Any CPU
		{645F8FD7-DBB7-494E-B484-C7284DB991C9}.Debug|x86.Deploy.0 = Debug|Any CPU
		{645F8FD7-DBB7-494E-B484-C7284DB991C9}.Release|Any CPU.ActiveCfg = Release|Any CPU
		{645F8FD7-DBB7-494E-B484-C7284DB991C9}.Release|Any CPU.Build.0 = Release|Any CPU
		{645F8FD7-DBB7-494E-B484-C7284DB991C9}.Release|Any CPU.Deploy.0 = Release|Any CPU
		{645F8FD7-DBB7-494E-B484-C7284DB991C9}.Release|ARM.ActiveCfg = Release|Any CPU
		{645F8FD7-DBB7-494E-B484-C7284DB991C9}.Release|ARM.Build.0 = Release|Any CPU
		{645F8FD7-DBB7-494E-B484-C7284DB991C9}.Release|ARM.Deploy.0 = Release|Any CPU
		{645F8FD7-DBB7-494E-B484-C7284DB991C9}.Release|iPhone.ActiveCfg = Release|Any CPU
		{645F8FD7-DBB7-494E-B484-C7284DB991C9}.Release|iPhone.Build.0 = Release|Any CPU
		{645F8FD7-DBB7-494E-B484-C7284DB991C9}.Release|iPhone.Deploy.0 = Release|Any CPU
		{645F8FD7-DBB7-494E-B484-C7284DB991C9}.Release|iPhoneSimulator.ActiveCfg = Release|Any CPU
		{645F8FD7-DBB7-494E-B484-C7284DB991C9}.Release|iPhoneSimulator.Build.0 = Release|Any CPU
		{645F8FD7-DBB7-494E-B484-C7284DB991C9}.Release|iPhoneSimulator.Deploy.0 = Release|Any CPU
		{645F8FD7-DBB7-494E-B484-C7284DB991C9}.Release|x64.ActiveCfg = Release|Any CPU
		{645F8FD7-DBB7-494E-B484-C7284DB991C9}.Release|x64.Build.0 = Release|Any CPU
		{645F8FD7-DBB7-494E-B484-C7284DB991C9}.Release|x64.Deploy.0 = Release|Any CPU
		{645F8FD7-DBB7-494E-B484-C7284DB991C9}.Release|x86.ActiveCfg = Release|Any CPU
		{645F8FD7-DBB7-494E-B484-C7284DB991C9}.Release|x86.Build.0 = Release|Any CPU
		{645F8FD7-DBB7-494E-B484-C7284DB991C9}.Release|x86.Deploy.0 = Release|Any CPU
		{6CB46AA8-DAB4-42FD-B8AA-A023C9DAACC6}.Ad-Hoc|Any CPU.ActiveCfg = Release|Any CPU
		{6CB46AA8-DAB4-42FD-B8AA-A023C9DAACC6}.Ad-Hoc|Any CPU.Build.0 = Release|Any CPU
		{6CB46AA8-DAB4-42FD-B8AA-A023C9DAACC6}.Ad-Hoc|ARM.ActiveCfg = Release|Any CPU
		{6CB46AA8-DAB4-42FD-B8AA-A023C9DAACC6}.Ad-Hoc|ARM.Build.0 = Release|Any CPU
		{6CB46AA8-DAB4-42FD-B8AA-A023C9DAACC6}.Ad-Hoc|iPhone.ActiveCfg = Release|Any CPU
		{6CB46AA8-DAB4-42FD-B8AA-A023C9DAACC6}.Ad-Hoc|iPhone.Build.0 = Release|Any CPU
		{6CB46AA8-DAB4-42FD-B8AA-A023C9DAACC6}.Ad-Hoc|iPhoneSimulator.ActiveCfg = Release|Any CPU
		{6CB46AA8-DAB4-42FD-B8AA-A023C9DAACC6}.Ad-Hoc|iPhoneSimulator.Build.0 = Release|Any CPU
		{6CB46AA8-DAB4-42FD-B8AA-A023C9DAACC6}.Ad-Hoc|x64.ActiveCfg = Release|Any CPU
		{6CB46AA8-DAB4-42FD-B8AA-A023C9DAACC6}.Ad-Hoc|x64.Build.0 = Release|Any CPU
		{6CB46AA8-DAB4-42FD-B8AA-A023C9DAACC6}.Ad-Hoc|x86.ActiveCfg = Release|Any CPU
		{6CB46AA8-DAB4-42FD-B8AA-A023C9DAACC6}.Ad-Hoc|x86.Build.0 = Release|Any CPU
		{6CB46AA8-DAB4-42FD-B8AA-A023C9DAACC6}.AppStore|Any CPU.ActiveCfg = Release|Any CPU
		{6CB46AA8-DAB4-42FD-B8AA-A023C9DAACC6}.AppStore|Any CPU.Build.0 = Release|Any CPU
		{6CB46AA8-DAB4-42FD-B8AA-A023C9DAACC6}.AppStore|ARM.ActiveCfg = Release|Any CPU
		{6CB46AA8-DAB4-42FD-B8AA-A023C9DAACC6}.AppStore|ARM.Build.0 = Release|Any CPU
		{6CB46AA8-DAB4-42FD-B8AA-A023C9DAACC6}.AppStore|iPhone.ActiveCfg = Release|Any CPU
		{6CB46AA8-DAB4-42FD-B8AA-A023C9DAACC6}.AppStore|iPhone.Build.0 = Release|Any CPU
		{6CB46AA8-DAB4-42FD-B8AA-A023C9DAACC6}.AppStore|iPhoneSimulator.ActiveCfg = Release|Any CPU
		{6CB46AA8-DAB4-42FD-B8AA-A023C9DAACC6}.AppStore|iPhoneSimulator.Build.0 = Release|Any CPU
		{6CB46AA8-DAB4-42FD-B8AA-A023C9DAACC6}.AppStore|x64.ActiveCfg = Release|Any CPU
		{6CB46AA8-DAB4-42FD-B8AA-A023C9DAACC6}.AppStore|x64.Build.0 = Release|Any CPU
		{6CB46AA8-DAB4-42FD-B8AA-A023C9DAACC6}.AppStore|x86.ActiveCfg = Release|Any CPU
		{6CB46AA8-DAB4-42FD-B8AA-A023C9DAACC6}.AppStore|x86.Build.0 = Release|Any CPU
		{6CB46AA8-DAB4-42FD-B8AA-A023C9DAACC6}.Debug|Any CPU.ActiveCfg = Debug|Any CPU
		{6CB46AA8-DAB4-42FD-B8AA-A023C9DAACC6}.Debug|Any CPU.Build.0 = Debug|Any CPU
		{6CB46AA8-DAB4-42FD-B8AA-A023C9DAACC6}.Debug|ARM.ActiveCfg = Debug|Any CPU
		{6CB46AA8-DAB4-42FD-B8AA-A023C9DAACC6}.Debug|ARM.Build.0 = Debug|Any CPU
		{6CB46AA8-DAB4-42FD-B8AA-A023C9DAACC6}.Debug|iPhone.ActiveCfg = Debug|Any CPU
		{6CB46AA8-DAB4-42FD-B8AA-A023C9DAACC6}.Debug|iPhone.Build.0 = Debug|Any CPU
		{6CB46AA8-DAB4-42FD-B8AA-A023C9DAACC6}.Debug|iPhoneSimulator.ActiveCfg = Debug|Any CPU
		{6CB46AA8-DAB4-42FD-B8AA-A023C9DAACC6}.Debug|iPhoneSimulator.Build.0 = Debug|Any CPU
		{6CB46AA8-DAB4-42FD-B8AA-A023C9DAACC6}.Debug|x64.ActiveCfg = Debug|Any CPU
		{6CB46AA8-DAB4-42FD-B8AA-A023C9DAACC6}.Debug|x64.Build.0 = Debug|Any CPU
		{6CB46AA8-DAB4-42FD-B8AA-A023C9DAACC6}.Debug|x86.ActiveCfg = Debug|Any CPU
		{6CB46AA8-DAB4-42FD-B8AA-A023C9DAACC6}.Debug|x86.Build.0 = Debug|Any CPU
		{6CB46AA8-DAB4-42FD-B8AA-A023C9DAACC6}.Release|Any CPU.ActiveCfg = Release|Any CPU
		{6CB46AA8-DAB4-42FD-B8AA-A023C9DAACC6}.Release|Any CPU.Build.0 = Release|Any CPU
		{6CB46AA8-DAB4-42FD-B8AA-A023C9DAACC6}.Release|ARM.ActiveCfg = Release|Any CPU
		{6CB46AA8-DAB4-42FD-B8AA-A023C9DAACC6}.Release|ARM.Build.0 = Release|Any CPU
		{6CB46AA8-DAB4-42FD-B8AA-A023C9DAACC6}.Release|iPhone.ActiveCfg = Release|Any CPU
		{6CB46AA8-DAB4-42FD-B8AA-A023C9DAACC6}.Release|iPhone.Build.0 = Release|Any CPU
		{6CB46AA8-DAB4-42FD-B8AA-A023C9DAACC6}.Release|iPhoneSimulator.ActiveCfg = Release|Any CPU
		{6CB46AA8-DAB4-42FD-B8AA-A023C9DAACC6}.Release|iPhoneSimulator.Build.0 = Release|Any CPU
		{6CB46AA8-DAB4-42FD-B8AA-A023C9DAACC6}.Release|x64.ActiveCfg = Release|Any CPU
		{6CB46AA8-DAB4-42FD-B8AA-A023C9DAACC6}.Release|x64.Build.0 = Release|Any CPU
		{6CB46AA8-DAB4-42FD-B8AA-A023C9DAACC6}.Release|x86.ActiveCfg = Release|Any CPU
		{6CB46AA8-DAB4-42FD-B8AA-A023C9DAACC6}.Release|x86.Build.0 = Release|Any CPU
		{F4238BB3-EABC-4A04-883A-9D05A217641B}.Ad-Hoc|Any CPU.ActiveCfg = Release|x86
		{F4238BB3-EABC-4A04-883A-9D05A217641B}.Ad-Hoc|Any CPU.Build.0 = Release|x86
		{F4238BB3-EABC-4A04-883A-9D05A217641B}.Ad-Hoc|Any CPU.Deploy.0 = Release|x86
		{F4238BB3-EABC-4A04-883A-9D05A217641B}.Ad-Hoc|ARM.ActiveCfg = Release|ARM
		{F4238BB3-EABC-4A04-883A-9D05A217641B}.Ad-Hoc|ARM.Build.0 = Release|ARM
		{F4238BB3-EABC-4A04-883A-9D05A217641B}.Ad-Hoc|ARM.Deploy.0 = Release|ARM
		{F4238BB3-EABC-4A04-883A-9D05A217641B}.Ad-Hoc|iPhone.ActiveCfg = Release|x86
		{F4238BB3-EABC-4A04-883A-9D05A217641B}.Ad-Hoc|iPhone.Build.0 = Release|x86
		{F4238BB3-EABC-4A04-883A-9D05A217641B}.Ad-Hoc|iPhone.Deploy.0 = Release|x86
		{F4238BB3-EABC-4A04-883A-9D05A217641B}.Ad-Hoc|iPhoneSimulator.ActiveCfg = Release|x86
		{F4238BB3-EABC-4A04-883A-9D05A217641B}.Ad-Hoc|iPhoneSimulator.Build.0 = Release|x86
		{F4238BB3-EABC-4A04-883A-9D05A217641B}.Ad-Hoc|iPhoneSimulator.Deploy.0 = Release|x86
		{F4238BB3-EABC-4A04-883A-9D05A217641B}.Ad-Hoc|x64.ActiveCfg = Release|x64
		{F4238BB3-EABC-4A04-883A-9D05A217641B}.Ad-Hoc|x64.Build.0 = Release|x64
		{F4238BB3-EABC-4A04-883A-9D05A217641B}.Ad-Hoc|x64.Deploy.0 = Release|x64
		{F4238BB3-EABC-4A04-883A-9D05A217641B}.Ad-Hoc|x86.ActiveCfg = Release|x86
		{F4238BB3-EABC-4A04-883A-9D05A217641B}.Ad-Hoc|x86.Build.0 = Release|x86
		{F4238BB3-EABC-4A04-883A-9D05A217641B}.Ad-Hoc|x86.Deploy.0 = Release|x86
		{F4238BB3-EABC-4A04-883A-9D05A217641B}.AppStore|Any CPU.ActiveCfg = Release|x86
		{F4238BB3-EABC-4A04-883A-9D05A217641B}.AppStore|Any CPU.Build.0 = Release|x86
		{F4238BB3-EABC-4A04-883A-9D05A217641B}.AppStore|Any CPU.Deploy.0 = Release|x86
		{F4238BB3-EABC-4A04-883A-9D05A217641B}.AppStore|ARM.ActiveCfg = Release|ARM
		{F4238BB3-EABC-4A04-883A-9D05A217641B}.AppStore|ARM.Build.0 = Release|ARM
		{F4238BB3-EABC-4A04-883A-9D05A217641B}.AppStore|ARM.Deploy.0 = Release|ARM
		{F4238BB3-EABC-4A04-883A-9D05A217641B}.AppStore|iPhone.ActiveCfg = Release|x86
		{F4238BB3-EABC-4A04-883A-9D05A217641B}.AppStore|iPhone.Build.0 = Release|x86
		{F4238BB3-EABC-4A04-883A-9D05A217641B}.AppStore|iPhone.Deploy.0 = Release|x86
		{F4238BB3-EABC-4A04-883A-9D05A217641B}.AppStore|iPhoneSimulator.ActiveCfg = Release|x86
		{F4238BB3-EABC-4A04-883A-9D05A217641B}.AppStore|iPhoneSimulator.Build.0 = Release|x86
		{F4238BB3-EABC-4A04-883A-9D05A217641B}.AppStore|iPhoneSimulator.Deploy.0 = Release|x86
		{F4238BB3-EABC-4A04-883A-9D05A217641B}.AppStore|x64.ActiveCfg = Release|x64
		{F4238BB3-EABC-4A04-883A-9D05A217641B}.AppStore|x64.Build.0 = Release|x64
		{F4238BB3-EABC-4A04-883A-9D05A217641B}.AppStore|x64.Deploy.0 = Release|x64
		{F4238BB3-EABC-4A04-883A-9D05A217641B}.AppStore|x86.ActiveCfg = Release|x86
		{F4238BB3-EABC-4A04-883A-9D05A217641B}.AppStore|x86.Build.0 = Release|x86
		{F4238BB3-EABC-4A04-883A-9D05A217641B}.AppStore|x86.Deploy.0 = Release|x86
		{F4238BB3-EABC-4A04-883A-9D05A217641B}.Debug|Any CPU.ActiveCfg = Debug|x86
		{F4238BB3-EABC-4A04-883A-9D05A217641B}.Debug|ARM.ActiveCfg = Debug|ARM
		{F4238BB3-EABC-4A04-883A-9D05A217641B}.Debug|ARM.Build.0 = Debug|ARM
		{F4238BB3-EABC-4A04-883A-9D05A217641B}.Debug|ARM.Deploy.0 = Debug|ARM
		{F4238BB3-EABC-4A04-883A-9D05A217641B}.Debug|iPhone.ActiveCfg = Debug|x86
		{F4238BB3-EABC-4A04-883A-9D05A217641B}.Debug|iPhoneSimulator.ActiveCfg = Debug|x86
		{F4238BB3-EABC-4A04-883A-9D05A217641B}.Debug|x64.ActiveCfg = Debug|x64
		{F4238BB3-EABC-4A04-883A-9D05A217641B}.Debug|x64.Build.0 = Debug|x64
		{F4238BB3-EABC-4A04-883A-9D05A217641B}.Debug|x64.Deploy.0 = Debug|x64
		{F4238BB3-EABC-4A04-883A-9D05A217641B}.Debug|x86.ActiveCfg = Debug|x86
		{F4238BB3-EABC-4A04-883A-9D05A217641B}.Debug|x86.Build.0 = Debug|x86
		{F4238BB3-EABC-4A04-883A-9D05A217641B}.Debug|x86.Deploy.0 = Debug|x86
		{F4238BB3-EABC-4A04-883A-9D05A217641B}.Release|Any CPU.ActiveCfg = Release|x86
		{F4238BB3-EABC-4A04-883A-9D05A217641B}.Release|ARM.ActiveCfg = Release|ARM
		{F4238BB3-EABC-4A04-883A-9D05A217641B}.Release|ARM.Build.0 = Release|ARM
		{F4238BB3-EABC-4A04-883A-9D05A217641B}.Release|ARM.Deploy.0 = Release|ARM
		{F4238BB3-EABC-4A04-883A-9D05A217641B}.Release|iPhone.ActiveCfg = Release|x86
		{F4238BB3-EABC-4A04-883A-9D05A217641B}.Release|iPhoneSimulator.ActiveCfg = Release|x86
		{F4238BB3-EABC-4A04-883A-9D05A217641B}.Release|x64.ActiveCfg = Release|x64
		{F4238BB3-EABC-4A04-883A-9D05A217641B}.Release|x64.Build.0 = Release|x64
		{F4238BB3-EABC-4A04-883A-9D05A217641B}.Release|x64.Deploy.0 = Release|x64
		{F4238BB3-EABC-4A04-883A-9D05A217641B}.Release|x86.ActiveCfg = Release|x86
		{F4238BB3-EABC-4A04-883A-9D05A217641B}.Release|x86.Build.0 = Release|x86
		{F4238BB3-EABC-4A04-883A-9D05A217641B}.Release|x86.Deploy.0 = Release|x86
		{590E53D1-EC08-4DE8-A869-4BF122038530}.Ad-Hoc|Any CPU.ActiveCfg = Ad-Hoc|iPhone
		{590E53D1-EC08-4DE8-A869-4BF122038530}.Ad-Hoc|ARM.ActiveCfg = Ad-Hoc|iPhone
		{590E53D1-EC08-4DE8-A869-4BF122038530}.Ad-Hoc|iPhone.ActiveCfg = Ad-Hoc|iPhone
		{590E53D1-EC08-4DE8-A869-4BF122038530}.Ad-Hoc|iPhone.Build.0 = Ad-Hoc|iPhone
		{590E53D1-EC08-4DE8-A869-4BF122038530}.Ad-Hoc|iPhoneSimulator.ActiveCfg = Ad-Hoc|iPhoneSimulator
		{590E53D1-EC08-4DE8-A869-4BF122038530}.Ad-Hoc|iPhoneSimulator.Build.0 = Ad-Hoc|iPhoneSimulator
		{590E53D1-EC08-4DE8-A869-4BF122038530}.Ad-Hoc|x64.ActiveCfg = Ad-Hoc|iPhone
		{590E53D1-EC08-4DE8-A869-4BF122038530}.Ad-Hoc|x86.ActiveCfg = Ad-Hoc|iPhone
		{590E53D1-EC08-4DE8-A869-4BF122038530}.AppStore|Any CPU.ActiveCfg = AppStore|iPhone
		{590E53D1-EC08-4DE8-A869-4BF122038530}.AppStore|ARM.ActiveCfg = AppStore|iPhone
		{590E53D1-EC08-4DE8-A869-4BF122038530}.AppStore|iPhone.ActiveCfg = AppStore|iPhone
		{590E53D1-EC08-4DE8-A869-4BF122038530}.AppStore|iPhone.Build.0 = AppStore|iPhone
		{590E53D1-EC08-4DE8-A869-4BF122038530}.AppStore|iPhoneSimulator.ActiveCfg = AppStore|iPhoneSimulator
		{590E53D1-EC08-4DE8-A869-4BF122038530}.AppStore|iPhoneSimulator.Build.0 = AppStore|iPhoneSimulator
		{590E53D1-EC08-4DE8-A869-4BF122038530}.AppStore|x64.ActiveCfg = AppStore|iPhone
		{590E53D1-EC08-4DE8-A869-4BF122038530}.AppStore|x86.ActiveCfg = AppStore|iPhone
		{590E53D1-EC08-4DE8-A869-4BF122038530}.Debug|Any CPU.ActiveCfg = Debug|iPhone
		{590E53D1-EC08-4DE8-A869-4BF122038530}.Debug|ARM.ActiveCfg = Debug|iPhone
		{590E53D1-EC08-4DE8-A869-4BF122038530}.Debug|iPhone.ActiveCfg = Debug|iPhone
		{590E53D1-EC08-4DE8-A869-4BF122038530}.Debug|iPhone.Build.0 = Debug|iPhone
		{590E53D1-EC08-4DE8-A869-4BF122038530}.Debug|iPhoneSimulator.ActiveCfg = Debug|iPhoneSimulator
		{590E53D1-EC08-4DE8-A869-4BF122038530}.Debug|iPhoneSimulator.Build.0 = Debug|iPhoneSimulator
		{590E53D1-EC08-4DE8-A869-4BF122038530}.Debug|x64.ActiveCfg = Debug|iPhone
		{590E53D1-EC08-4DE8-A869-4BF122038530}.Debug|x86.ActiveCfg = Debug|iPhone
		{590E53D1-EC08-4DE8-A869-4BF122038530}.Release|Any CPU.ActiveCfg = Release|iPhone
		{590E53D1-EC08-4DE8-A869-4BF122038530}.Release|ARM.ActiveCfg = Release|iPhone
		{590E53D1-EC08-4DE8-A869-4BF122038530}.Release|iPhone.ActiveCfg = Release|iPhone
		{590E53D1-EC08-4DE8-A869-4BF122038530}.Release|iPhone.Build.0 = Release|iPhone
		{590E53D1-EC08-4DE8-A869-4BF122038530}.Release|iPhoneSimulator.ActiveCfg = Release|iPhoneSimulator
		{590E53D1-EC08-4DE8-A869-4BF122038530}.Release|iPhoneSimulator.Build.0 = Release|iPhoneSimulator
		{590E53D1-EC08-4DE8-A869-4BF122038530}.Release|x64.ActiveCfg = Release|iPhone
		{590E53D1-EC08-4DE8-A869-4BF122038530}.Release|x86.ActiveCfg = Release|iPhone
	EndGlobalSection
	GlobalSection(SolutionProperties) = preSolution
		HideSolutionNode = FALSE
	EndGlobalSection
EndGlobal
